
Microsoft Visual Studio Solution File, Format Version 12.00
# Visual Studio Version 17
VisualStudioVersion = 17.13.35919.96
MinimumVisualStudioVersion = 10.0.40219.1
Project("{FAE04EC0-301F-11D3-BF4B-00C04F79EFBC}") = "EventManagementSystemUI", "EventManagementSystemUI\EventManagementSystemUI.csproj", "{F1DADC96-0AF0-BF2D-DA04-66B86426B227}"
EndProject
Project("{FAE04EC0-301F-11D3-BF4B-00C04F79EFBC}") = "EventManagementSystem", "EventManagementSystem\EventManagementSystem.csproj", "{F7FF8254-E52A-591A-CFD2-9FF2F6B750C9}"
EndProject
Global
	GlobalSection(SolutionConfigurationPlatforms) = preSolution
		Debug|Any CPU = Debug|Any CPU
		Debug|x64 = Debug|x64
		Release|Any CPU = Release|Any CPU
		Release|x64 = Release|x64
		x64|Any CPU = x64|Any CPU
		x64|x64 = x64|x64
	EndGlobalSection
	GlobalSection(ProjectConfigurationPlatforms) = postSolution
		{F1DADC96-0AF0-BF2D-DA04-66B86426B227}.Debug|Any CPU.ActiveCfg = Debug|Any CPU
		{F1DADC96-0AF0-BF2D-DA04-66B86426B227}.Debug|Any CPU.Build.0 = Debug|Any CPU
		{F1DADC96-0AF0-BF2D-DA04-66B86426B227}.Debug|x64.ActiveCfg = Debug|x64
		{F1DADC96-0AF0-BF2D-DA04-66B86426B227}.Debug|x64.Build.0 = Debug|x64
		{F1DADC96-0AF0-BF2D-DA04-66B86426B227}.Release|Any CPU.ActiveCfg = Release|Any CPU
		{F1DADC96-0AF0-BF2D-DA04-66B86426B227}.Release|Any CPU.Build.0 = Release|Any CPU
		{F1DADC96-0AF0-BF2D-DA04-66B86426B227}.Release|x64.ActiveCfg = Release|x64
		{F1DADC96-0AF0-BF2D-DA04-66B86426B227}.Release|x64.Build.0 = Release|x64
		{F1DADC96-0AF0-BF2D-DA04-66B86426B227}.x64|Any CPU.ActiveCfg = Release|Any CPU
		{F1DADC96-0AF0-BF2D-DA04-66B86426B227}.x64|Any CPU.Build.0 = Release|Any CPU
		{F1DADC96-0AF0-BF2D-DA04-66B86426B227}.x64|x64.ActiveCfg = Release|Any CPU
		{F1DADC96-0AF0-BF2D-DA04-66B86426B227}.x64|x64.Build.0 = Release|Any CPU
		{F7FF8254-E52A-591A-CFD2-9FF2F6B750C9}.Debug|Any CPU.ActiveCfg = Debug|Any CPU
		{F7FF8254-E52A-591A-CFD2-9FF2F6B750C9}.Debug|Any CPU.Build.0 = Debug|Any CPU
		{F7FF8254-E52A-591A-CFD2-9FF2F6B750C9}.Debug|x64.ActiveCfg = Debug|Any CPU
		{F7FF8254-E52A-591A-CFD2-9FF2F6B750C9}.Debug|x64.Build.0 = Debug|Any CPU
		{F7FF8254-E52A-591A-CFD2-9FF2F6B750C9}.Release|Any CPU.ActiveCfg = Release|Any CPU
		{F7FF8254-E52A-591A-CFD2-9FF2F6B750C9}.Release|Any CPU.Build.0 = Release|Any CPU
		{F7FF8254-E52A-591A-CFD2-9FF2F6B750C9}.Release|x64.ActiveCfg = Release|Any CPU
		{F7FF8254-E52A-591A-CFD2-9FF2F6B750C9}.Release|x64.Build.0 = Release|Any CPU
		{F7FF8254-E52A-591A-CFD2-9FF2F6B750C9}.x64|Any CPU.ActiveCfg = Release|Any CPU
		{F7FF8254-E52A-591A-CFD2-9FF2F6B750C9}.x64|Any CPU.Build.0 = Release|Any CPU
		{F7FF8254-E52A-591A-CFD2-9FF2F6B750C9}.x64|x64.ActiveCfg = Release|Any CPU
		{F7FF8254-E52A-591A-CFD2-9FF2F6B750C9}.x64|x64.Build.0 = Release|Any CPU
	EndGlobalSection
	GlobalSection(SolutionProperties) = preSolution
		HideSolutionNode = FALSE
	EndGlobalSection
	GlobalSection(ExtensibilityGlobals) = postSolution
		SolutionGuid = {AFD8FFED-A838-42CE-B04F-136F5BDFB4A9}
	EndGlobalSection
EndGlobal
